{
  "name": "maze-of-masters",
  "version": "1.0.0",
  "lockfileVersion": 3,
  "requires": true,
  "packages": {
    "": {
      "name": "maze-of-masters",
      "version": "1.0.0",
      "license": "ISC",
      "dependencies": {
        "@webpd/runtime": "^0.1.2"
      }
    },
    "node_modules/@webpd/runtime": {
      "version": "0.1.2",
      "resolved": "https://registry.npmjs.org/@webpd/runtime/-/runtime-0.1.2.tgz",
      "integrity": "sha512-PzJ5S6g2Yyg8l+JEkCc6PVBMFNIKM1OkqHcNOuJZ3Wgd2QhFyz5UVqReMsJ926yYOG6OYkAkSwMrsOVRxojNWQ==",
      "license": "LGPL-3.0",
      "dependencies": {
        "fetch-retry": "^5.0.3"
      }
    },
    "node_modules/fetch-retry": {
      "version": "5.0.6",
      "resolved": "https://registry.npmjs.org/fetch-retry/-/fetch-retry-5.0.6.tgz",
      "integrity": "sha512-3yurQZ2hD9VISAhJJP9bpYFNQrHHBXE2JxxjY5aLEcDi46RmAzJE2OC9FAde0yis5ElW0jTTzs0zfg/Cca4XqQ==",
      "license": "MIT"
    }
  }
}
